
Microsoft Visual Studio Solution File, Format Version 12.00
Project("{FAE04EC0-301F-11D3-BF4B-00C04F79EFBC}") = "DotNetSdkHelpers", "src\DotNetSdkHelpers\DotNetSdkHelpers.csproj", "{59D4370B-C0FB-41E8-8B1C-4098F6A90D73}"
EndProject
Global
	GlobalSection(SolutionConfigurationPlatforms) = preSolution
		Debug|Any CPU = Debug|Any CPU
		Release|Any CPU = Release|Any CPU
	EndGlobalSection
	GlobalSection(ProjectConfigurationPlatforms) = postSolution
		{59D4370B-C0FB-41E8-8B1C-4098F6A90D73}.Debug|Any CPU.ActiveCfg = Debug|Any CPU
		{59D4370B-C0FB-41E8-8B1C-4098F6A90D73}.Debug|Any CPU.Build.0 = Debug|Any CPU
		{59D4370B-C0FB-41E8-8B1C-4098F6A90D73}.Release|Any CPU.ActiveCfg = Release|Any CPU
		{59D4370B-C0FB-41E8-8B1C-4098F6A90D73}.Release|Any CPU.Build.0 = Release|Any CPU
	EndGlobalSection
EndGlobal
